
Microsoft Visual Studio Solution File, Format Version 12.00
# Visual Studio Version 17
VisualStudioVersion = 17.0.31903.59
MinimumVisualStudioVersion = 10.0.40219.1
Project("{2150E333-8FDC-42A3-9474-1A3956D46DE8}") = "src", "src", "{65F61953-8E8A-40AF-9DFC-7ED2CAC1C54A}"
EndProject
Project("{FAE04EC0-301F-11D3-BF4B-00C04F79EFBC}") = "Loteria.WebApi", "src\Loteria.WebApi\Loteria.WebApi.csproj", "{B0C3ED77-5E41-4FCB-B6A7-5FD748C4E4A9}"
EndProject
Project("{2150E333-8FDC-42A3-9474-1A3956D46DE8}") = "SolutionItems", "SolutionItems", "{4B73CD9B-C9ED-437B-9A2A-33A64ADAA875}"
	ProjectSection(SolutionItems) = preProject
		.dockerignore = .dockerignore
		.editorconfig = .editorconfig
		.gitignore = .gitignore
		LICENSE = LICENSE
		README.md = README.md
	EndProjectSection
EndProject
Global
	GlobalSection(SolutionConfigurationPlatforms) = preSolution
		Debug|Any CPU = Debug|Any CPU
		Release|Any CPU = Release|Any CPU
	EndGlobalSection
	GlobalSection(ProjectConfigurationPlatforms) = postSolution
		{B0C3ED77-5E41-4FCB-B6A7-5FD748C4E4A9}.Debug|Any CPU.ActiveCfg = Debug|Any CPU
		{B0C3ED77-5E41-4FCB-B6A7-5FD748C4E4A9}.Debug|Any CPU.Build.0 = Debug|Any CPU
		{B0C3ED77-5E41-4FCB-B6A7-5FD748C4E4A9}.Release|Any CPU.ActiveCfg = Release|Any CPU
		{B0C3ED77-5E41-4FCB-B6A7-5FD748C4E4A9}.Release|Any CPU.Build.0 = Release|Any CPU
	EndGlobalSection
	GlobalSection(SolutionProperties) = preSolution
		HideSolutionNode = FALSE
	EndGlobalSection
	GlobalSection(NestedProjects) = preSolution
		{B0C3ED77-5E41-4FCB-B6A7-5FD748C4E4A9} = {65F61953-8E8A-40AF-9DFC-7ED2CAC1C54A}
	EndGlobalSection
	GlobalSection(ExtensibilityGlobals) = postSolution
		SolutionGuid = {BCC5472E-0A9C-44D3-A060-3FE86A6831C3}
	EndGlobalSection
EndGlobal
